// !$*UTF8*$!
{
	archiveVersion = 1;
	classes = {
	};
	objectVersion = 55;
	objects = {

/* Begin PBXBuildFile section */
		C9A784F32839AB8300D9177B /* ModuleSearch.docc in Sources */ = {isa = PBXBuildFile; fileRef = C9A784F22839AB8300D9177B /* ModuleSearch.docc */; };
		C9A784F42839AB8300D9177B /* ModuleSearch.h in Headers */ = {isa = PBXBuildFile; fileRef = C9A784F12839AB8300D9177B /* ModuleSearch.h */; settings = {ATTRIBUTES = (Public, ); }; };
		C9A784FD2839AC2200D9177B /* GithubSearchController.swift in Sources */ = {isa = PBXBuildFile; fileRef = C9A784FC2839AC2200D9177B /* GithubSearchController.swift */; };
		C9A784FF2839AC2700D9177B /* GithubSearchResultController.swift in Sources */ = {isa = PBXBuildFile; fileRef = C9A784FE2839AC2700D9177B /* GithubSearchResultController.swift */; };
		C9A78661283D125300D9177B /* SearchControllerStatus.swift in Sources */ = {isa = PBXBuildFile; fileRef = C9A78660283D125300D9177B /* SearchControllerStatus.swift */; };
		C9A787822854DCFB00D9177B /* ModuleDesignSystem.framework in Frameworks */ = {isa = PBXBuildFile; fileRef = C9A787812854DCFB00D9177B /* ModuleDesignSystem.framework */; };
		C9A787832854DCFB00D9177B /* ModuleDesignSystem.framework in Embed Frameworks */ = {isa = PBXBuildFile; fileRef = C9A787812854DCFB00D9177B /* ModuleDesignSystem.framework */; settings = {ATTRIBUTES = (CodeSignOnCopy, RemoveHeadersOnCopy, ); }; };
		C9A787872854E05100D9177B /* UIFactory.swift in Sources */ = {isa = PBXBuildFile; fileRef = C9A787862854E05100D9177B /* UIFactory.swift */; };
		C9A787C5285527B000D9177B /* SearchControllerService.swift in Sources */ = {isa = PBXBuildFile; fileRef = C9A787C4285527B000D9177B /* SearchControllerService.swift */; };
/* End PBXBuildFile section */

/* Begin PBXCopyFilesBuildPhase section */
		C9A787842854DCFB00D9177B /* Embed Frameworks */ = {
			isa = PBXCopyFilesBuildPhase;
			buildActionMask = 2147483647;
			dstPath = "";
			dstSubfolderSpec = 10;
			files = (
				C9A787832854DCFB00D9177B /* ModuleDesignSystem.framework in Embed Frameworks */,
			);
			name = "Embed Frameworks";
			runOnlyForDeploymentPostprocessing = 0;
		};
/* End PBXCopyFilesBuildPhase section */

/* Begin PBXFileReference section */
		C9A784EE2839AB8300D9177B /* ModuleSearch.framework */ = {isa = PBXFileReference; explicitFileType = wrapper.framework; includeInIndex = 0; path = ModuleSearch.framework; sourceTree = BUILT_PRODUCTS_DIR; };
		C9A784F12839AB8300D9177B /* ModuleSearch.h */ = {isa = PBXFileReference; lastKnownFileType = sourcecode.c.h; path = ModuleSearch.h; sourceTree = "<group>"; };
		C9A784F22839AB8300D9177B /* ModuleSearch.docc */ = {isa = PBXFileReference; lastKnownFileType = folder.documentationcatalog; path = ModuleSearch.docc; sourceTree = "<group>"; };
		C9A784FC2839AC2200D9177B /* GithubSearchController.swift */ = {isa = PBXFileReference; fileEncoding = 4; lastKnownFileType = sourcecode.swift; path = GithubSearchController.swift; sourceTree = "<group>"; };
		C9A784FE2839AC2700D9177B /* GithubSearchResultController.swift */ = {isa = PBXFileReference; fileEncoding = 4; lastKnownFileType = sourcecode.swift; path = GithubSearchResultController.swift; sourceTree = "<group>"; };
		C9A785D3283A77AF00D9177B /* ModuleUI.framework */ = {isa = PBXFileReference; explicitFileType = wrapper.framework; path = ModuleUI.framework; sourceTree = BUILT_PRODUCTS_DIR; };
		C9A78614283A7A7400D9177B /* ModuleCore.framework */ = {isa = PBXFileReference; explicitFileType = wrapper.framework; path = ModuleCore.framework; sourceTree = BUILT_PRODUCTS_DIR; };
		C9A78660283D125300D9177B /* SearchControllerStatus.swift */ = {isa = PBXFileReference; lastKnownFileType = sourcecode.swift; path = SearchControllerStatus.swift; sourceTree = "<group>"; };
		C9A787812854DCFB00D9177B /* ModuleDesignSystem.framework */ = {isa = PBXFileReference; explicitFileType = wrapper.framework; path = ModuleDesignSystem.framework; sourceTree = BUILT_PRODUCTS_DIR; };
		C9A787862854E05100D9177B /* UIFactory.swift */ = {isa = PBXFileReference; lastKnownFileType = sourcecode.swift; path = UIFactory.swift; sourceTree = "<group>"; };
		C9A787C4285527B000D9177B /* SearchControllerService.swift */ = {isa = PBXFileReference; lastKnownFileType = sourcecode.swift; path = SearchControllerService.swift; sourceTree = "<group>"; };
/* End PBXFileReference section */

/* Begin PBXFrameworksBuildPhase section */
		C9A784EB2839AB8300D9177B /* Frameworks */ = {
			isa = PBXFrameworksBuildPhase;
			buildActionMask = 2147483647;
			files = (
				C9A787822854DCFB00D9177B /* ModuleDesignSystem.framework in Frameworks */,
			);
			runOnlyForDeploymentPostprocessing = 0;
		};
/* End PBXFrameworksBuildPhase section */

/* Begin PBXGroup section */
		C9A784E42839AB8300D9177B = {
			isa = PBXGroup;
			children = (
				C9A784F02839AB8300D9177B /* ModuleSearch */,
				C9A784EF2839AB8300D9177B /* Products */,
				C9A785D2283A77AF00D9177B /* Frameworks */,
			);
			sourceTree = "<group>";
		};
		C9A784EF2839AB8300D9177B /* Products */ = {
			isa = PBXGroup;
			children = (
				C9A784EE2839AB8300D9177B /* ModuleSearch.framework */,
			);
			name = Products;
			sourceTree = "<group>";
		};
		C9A784F02839AB8300D9177B /* ModuleSearch */ = {
			isa = PBXGroup;
			children = (
				C9A787852854E04500D9177B /* Composer */,
				C9A7865F283D124400D9177B /* Status */,
				C9A784FB2839AC0800D9177B /* SearchResult */,
				C9A784FA2839AC0100D9177B /* SearchController */,
				C9A784F12839AB8300D9177B /* ModuleSearch.h */,
				C9A784F22839AB8300D9177B /* ModuleSearch.docc */,
			);
			path = ModuleSearch;
			sourceTree = "<group>";
		};
		C9A784FA2839AC0100D9177B /* SearchController */ = {
			isa = PBXGroup;
			children = (
				C9A787C4285527B000D9177B /* SearchControllerService.swift */,
				C9A784FC2839AC2200D9177B /* GithubSearchController.swift */,
			);
			path = SearchController;
			sourceTree = "<group>";
		};
		C9A784FB2839AC0800D9177B /* SearchResult */ = {
			isa = PBXGroup;
			children = (
				C9A784FE2839AC2700D9177B /* GithubSearchResultController.swift */,
			);
			path = SearchResult;
			sourceTree = "<group>";
		};
		C9A785D2283A77AF00D9177B /* Frameworks */ = {
			isa = PBXGroup;
			children = (
				C9A787812854DCFB00D9177B /* ModuleDesignSystem.framework */,
				C9A78614283A7A7400D9177B /* ModuleCore.framework */,
				C9A785D3283A77AF00D9177B /* ModuleUI.framework */,
			);
			name = Frameworks;
			sourceTree = "<group>";
		};
		C9A7865F283D124400D9177B /* Status */ = {
			isa = PBXGroup;
			children = (
				C9A78660283D125300D9177B /* SearchControllerStatus.swift */,
			);
			path = Status;
			sourceTree = "<group>";
		};
		C9A787852854E04500D9177B /* Composer */ = {
			isa = PBXGroup;
			children = (
				C9A787862854E05100D9177B /* UIFactory.swift */,
			);
			path = Composer;
			sourceTree = "<group>";
		};
/* End PBXGroup section */

/* Begin PBXHeadersBuildPhase section */
		C9A784E92839AB8300D9177B /* Headers */ = {
			isa = PBXHeadersBuildPhase;
			buildActionMask = 2147483647;
			files = (
				C9A784F42839AB8300D9177B /* ModuleSearch.h in Headers */,
			);
			runOnlyForDeploymentPostprocessing = 0;
		};
/* End PBXHeadersBuildPhase section */

/* Begin PBXNativeTarget section */
		C9A784ED2839AB8300D9177B /* ModuleSearch */ = {
			isa = PBXNativeTarget;
			buildConfigurationList = C9A784F72839AB8300D9177B /* Build configuration list for PBXNativeTarget "ModuleSearch" */;
			buildPhases = (
				C9A784E92839AB8300D9177B /* Headers */,
				C9A784EA2839AB8300D9177B /* Sources */,
				C9A784EB2839AB8300D9177B /* Frameworks */,
				C9A784EC2839AB8300D9177B /* Resources */,
				C9A787842854DCFB00D9177B /* Embed Frameworks */,
			);
			buildRules = (
			);
			dependencies = (
			);
			name = ModuleSearch;
			productName = ModuleSearch;
			productReference = C9A784EE2839AB8300D9177B /* ModuleSearch.framework */;
			productType = "com.apple.product-type.framework";
		};
/* End PBXNativeTarget section */

/* Begin PBXProject section */
		C9A784E52839AB8300D9177B /* Project object */ = {
			isa = PBXProject;
			attributes = {
				BuildIndependentTargetsInParallel = 1;
				LastUpgradeCheck = 1330;
				TargetAttributes = {
					C9A784ED2839AB8300D9177B = {
						CreatedOnToolsVersion = 13.3.1;
					};
				};
			};
			buildConfigurationList = C9A784E82839AB8300D9177B /* Build configuration list for PBXProject "ModuleSearch" */;
			compatibilityVersion = "Xcode 13.0";
			developmentRegion = en;
			hasScannedForEncodings = 0;
			knownRegions = (
				en,
				Base,
			);
			mainGroup = C9A784E42839AB8300D9177B;
			productRefGroup = C9A784EF2839AB8300D9177B /* Products */;
			projectDirPath = "";
			projectRoot = "";
			targets = (
				C9A784ED2839AB8300D9177B /* ModuleSearch */,
			);
		};
/* End PBXProject section */

/* Begin PBXResourcesBuildPhase section */
		C9A784EC2839AB8300D9177B /* Resources */ = {
			isa = PBXResourcesBuildPhase;
			buildActionMask = 2147483647;
			files = (
			);
			runOnlyForDeploymentPostprocessing = 0;
		};
/* End PBXResourcesBuildPhase section */

/* Begin PBXSourcesBuildPhase section */
		C9A784EA2839AB8300D9177B /* Sources */ = {
			isa = PBXSourcesBuildPhase;
			buildActionMask = 2147483647;
			files = (
				C9A784FD2839AC2200D9177B /* GithubSearchController.swift in Sources */,
				C9A787C5285527B000D9177B /* SearchControllerService.swift in Sources */,
				C9A787872854E05100D9177B /* UIFactory.swift in Sources */,
				C9A784F32839AB8300D9177B /* ModuleSearch.docc in Sources */,
				C9A784FF2839AC2700D9177B /* GithubSearchResultController.swift in Sources */,
				C9A78661283D125300D9177B /* SearchControllerStatus.swift in Sources */,
			);
			runOnlyForDeploymentPostprocessing = 0;
		};
/* End PBXSourcesBuildPhase section */

/* Begin XCBuildConfiguration section */
		C9A784F52839AB8300D9177B /* Debug */ = {
			isa = XCBuildConfiguration;
			buildSettings = {
				ALWAYS_SEARCH_USER_PATHS = NO;
				CLANG_ANALYZER_NONNULL = YES;
				CLANG_ANALYZER_NUMBER_OBJECT_CONVERSION = YES_AGGRESSIVE;
				CLANG_CXX_LANGUAGE_STANDARD = "gnu++17";
				CLANG_ENABLE_MODULES = YES;
				CLANG_ENABLE_OBJC_ARC = YES;
				CLANG_ENABLE_OBJC_WEAK = YES;
				CLANG_WARN_BLOCK_CAPTURE_AUTORELEASING = YES;
				CLANG_WARN_BOOL_CONVERSION = YES;
				CLANG_WARN_COMMA = YES;
				CLANG_WARN_CONSTANT_CONVERSION = YES;
				CLANG_WARN_DEPRECATED_OBJC_IMPLEMENTATIONS = YES;
				CLANG_WARN_DIRECT_OBJC_ISA_USAGE = YES_ERROR;
				CLANG_WARN_DOCUMENTATION_COMMENTS = YES;
				CLANG_WARN_EMPTY_BODY = YES;
				CLANG_WARN_ENUM_CONVERSION = YES;
				CLANG_WARN_INFINITE_RECURSION = YES;
				CLANG_WARN_INT_CONVERSION = YES;
				CLANG_WARN_NON_LITERAL_NULL_CONVERSION = YES;
				CLANG_WARN_OBJC_IMPLICIT_RETAIN_SELF = YES;
				CLANG_WARN_OBJC_LITERAL_CONVERSION = YES;
				CLANG_WARN_OBJC_ROOT_CLASS = YES_ERROR;
				CLANG_WARN_QUOTED_INCLUDE_IN_FRAMEWORK_HEADER = YES;
				CLANG_WARN_RANGE_LOOP_ANALYSIS = YES;
				CLANG_WARN_STRICT_PROTOTYPES = YES;
				CLANG_WARN_SUSPICIOUS_MOVE = YES;
				CLANG_WARN_UNGUARDED_AVAILABILITY = YES_AGGRESSIVE;
				CLANG_WARN_UNREACHABLE_CODE = YES;
				CLANG_WARN__DUPLICATE_METHOD_MATCH = YES;
				COPY_PHASE_STRIP = NO;
				CURRENT_PROJECT_VERSION = 1;
				DEBUG_INFORMATION_FORMAT = dwarf;
				ENABLE_STRICT_OBJC_MSGSEND = YES;
				ENABLE_TESTABILITY = YES;
				GCC_C_LANGUAGE_STANDARD = gnu11;
				GCC_DYNAMIC_NO_PIC = NO;
				GCC_NO_COMMON_BLOCKS = YES;
				GCC_OPTIMIZATION_LEVEL = 0;
				GCC_PREPROCESSOR_DEFINITIONS = (
					"DEBUG=1",
					"$(inherited)",
				);
				GCC_WARN_64_TO_32_BIT_CONVERSION = YES;
				GCC_WARN_ABOUT_RETURN_TYPE = YES_ERROR;
				GCC_WARN_UNDECLARED_SELECTOR = YES;
				GCC_WARN_UNINITIALIZED_AUTOS = YES_AGGRESSIVE;
				GCC_WARN_UNUSED_FUNCTION = YES;
				GCC_WARN_UNUSED_VARIABLE = YES;
				IPHONEOS_DEPLOYMENT_TARGET = 15.4;
				MTL_ENABLE_DEBUG_INFO = INCLUDE_SOURCE;
				MTL_FAST_MATH = YES;
				ONLY_ACTIVE_ARCH = YES;
				SDKROOT = iphoneos;
				SWIFT_ACTIVE_COMPILATION_CONDITIONS = DEBUG;
				SWIFT_OPTIMIZATION_LEVEL = "-Onone";
				VERSIONING_SYSTEM = "apple-generic";
				VERSION_INFO_PREFIX = "";
			};
			name = Debug;
		};
		C9A784F62839AB8300D9177B /* Release */ = {
			isa = XCBuildConfiguration;
			buildSettings = {
				ALWAYS_SEARCH_USER_PATHS = NO;
				CLANG_ANALYZER_NONNULL = YES;
				CLANG_ANALYZER_NUMBER_OBJECT_CONVERSION = YES_AGGRESSIVE;
				CLANG_CXX_LANGUAGE_STANDARD = "gnu++17";
				CLANG_ENABLE_MODULES = YES;
				CLANG_ENABLE_OBJC_ARC = YES;
				CLANG_ENABLE_OBJC_WEAK = YES;
				CLANG_WARN_BLOCK_CAPTURE_AUTORELEASING = YES;
				CLANG_WARN_BOOL_CONVERSION = YES;
				CLANG_WARN_COMMA = YES;
				CLANG_WARN_CONSTANT_CONVERSION = YES;
				CLANG_WARN_DEPRECATED_OBJC_IMPLEMENTATIONS = YES;
				CLANG_WARN_DIRECT_OBJC_ISA_USAGE = YES_ERROR;
				CLANG_WARN_DOCUMENTATION_COMMENTS = YES;
				CLANG_WARN_EMPTY_BODY = YES;
				CLANG_WARN_ENUM_CONVERSION = YES;
				CLANG_WARN_INFINITE_RECURSION = YES;
				CLANG_WARN_INT_CONVERSION = YES;
				CLANG_WARN_NON_LITERAL_NULL_CONVERSION = YES;
				CLANG_WARN_OBJC_IMPLICIT_RETAIN_SELF = YES;
				CLANG_WARN_OBJC_LITERAL_CONVERSION = YES;
				CLANG_WARN_OBJC_ROOT_CLASS = YES_ERROR;
				CLANG_WARN_QUOTED_INCLUDE_IN_FRAMEWORK_HEADER = YES;
				CLANG_WARN_RANGE_LOOP_ANALYSIS = YES;
				CLANG_WARN_STRICT_PROTOTYPES = YES;
				CLANG_WARN_SUSPICIOUS_MOVE = YES;
				CLANG_WARN_UNGUARDED_AVAILABILITY = YES_AGGRESSIVE;
				CLANG_WARN_UNREACHABLE_CODE = YES;
				CLANG_WARN__DUPLICATE_METHOD_MATCH = YES;
				COPY_PHASE_STRIP = NO;
				CURRENT_PROJECT_VERSION = 1;
				DEBUG_INFORMATION_FORMAT = "dwarf-with-dsym";
				ENABLE_NS_ASSERTIONS = NO;
				ENABLE_STRICT_OBJC_MSGSEND = YES;
				GCC_C_LANGUAGE_STANDARD = gnu11;
				GCC_NO_COMMON_BLOCKS = YES;
				GCC_WARN_64_TO_32_BIT_CONVERSION = YES;
				GCC_WARN_ABOUT_RETURN_TYPE = YES_ERROR;
				GCC_WARN_UNDECLARED_SELECTOR = YES;
				GCC_WARN_UNINITIALIZED_AUTOS = YES_AGGRESSIVE;
				GCC_WARN_UNUSED_FUNCTION = YES;
				GCC_WARN_UNUSED_VARIABLE = YES;
				IPHONEOS_DEPLOYMENT_TARGET = 15.4;
				MTL_ENABLE_DEBUG_INFO = NO;
				MTL_FAST_MATH = YES;
				SDKROOT = iphoneos;
				SWIFT_COMPILATION_MODE = wholemodule;
				SWIFT_OPTIMIZATION_LEVEL = "-O";
				VALIDATE_PRODUCT = YES;
				VERSIONING_SYSTEM = "apple-generic";
				VERSION_INFO_PREFIX = "";
			};
			name = Release;
		};
		C9A784F82839AB8300D9177B /* Debug */ = {
			isa = XCBuildConfiguration;
			buildSettings = {
				CODE_SIGN_STYLE = Automatic;
				CURRENT_PROJECT_VERSION = 1;
				DEFINES_MODULE = YES;
				DEVELOPMENT_TEAM = SGW9NZTF78;
				DYLIB_COMPATIBILITY_VERSION = 1;
				DYLIB_CURRENT_VERSION = 1;
				DYLIB_INSTALL_NAME_BASE = "@rpath";
				GENERATE_INFOPLIST_FILE = YES;
				INFOPLIST_KEY_NSHumanReadableCopyright = "";
				INSTALL_PATH = "$(LOCAL_LIBRARY_DIR)/Frameworks";
				LD_RUNPATH_SEARCH_PATHS = (
					"$(inherited)",
					"@executable_path/Frameworks",
					"@loader_path/Frameworks",
				);
				MARKETING_VERSION = 1.0;
				PRODUCT_BUNDLE_IDENTIFIER = "com.beemo.modular-example-search";
				PRODUCT_NAME = "$(TARGET_NAME:c99extidentifier)";
				SKIP_INSTALL = YES;
				SWIFT_EMIT_LOC_STRINGS = YES;
				SWIFT_VERSION = 5.0;
				TARGETED_DEVICE_FAMILY = "1,2";
			};
			name = Debug;
		};
		C9A784F92839AB8300D9177B /* Release */ = {
			isa = XCBuildConfiguration;
			buildSettings = {
				CODE_SIGN_STYLE = Automatic;
				CURRENT_PROJECT_VERSION = 1;
				DEFINES_MODULE = YES;
				DEVELOPMENT_TEAM = SGW9NZTF78;
				DYLIB_COMPATIBILITY_VERSION = 1;
				DYLIB_CURRENT_VERSION = 1;
				DYLIB_INSTALL_NAME_BASE = "@rpath";
				GENERATE_INFOPLIST_FILE = YES;
				INFOPLIST_KEY_NSHumanReadableCopyright = "";
				INSTALL_PATH = "$(LOCAL_LIBRARY_DIR)/Frameworks";
				LD_RUNPATH_SEARCH_PATHS = (
					"$(inherited)",
					"@executable_path/Frameworks",
					"@loader_path/Frameworks",
				);
				MARKETING_VERSION = 1.0;
				PRODUCT_BUNDLE_IDENTIFIER = "com.beemo.modular-example-search";
				PRODUCT_NAME = "$(TARGET_NAME:c99extidentifier)";
				SKIP_INSTALL = YES;
				SWIFT_EMIT_LOC_STRINGS = YES;
				SWIFT_VERSION = 5.0;
				TARGETED_DEVICE_FAMILY = "1,2";
			};
			name = Release;
		};
/* End XCBuildConfiguration section */

/* Begin XCConfigurationList section */
		C9A784E82839AB8300D9177B /* Build configuration list for PBXProject "ModuleSearch" */ = {
			isa = XCConfigurationList;
			buildConfigurations = (
				C9A784F52839AB8300D9177B /* Debug */,
				C9A784F62839AB8300D9177B /* Release */,
			);
			defaultConfigurationIsVisible = 0;
			defaultConfigurationName = Release;
		};
		C9A784F72839AB8300D9177B /* Build configuration list for PBXNativeTarget "ModuleSearch" */ = {
			isa = XCConfigurationList;
			buildConfigurations = (
				C9A784F82839AB8300D9177B /* Debug */,
				C9A784F92839AB8300D9177B /* Release */,
			);
			defaultConfigurationIsVisible = 0;
			defaultConfigurationName = Release;
		};
/* End XCConfigurationList section */
	};
	rootObject = C9A784E52839AB8300D9177B /* Project object */;
}
