// !$*UTF8*$!
{
	archiveVersion = 1;
	classes = {
	};
	objectVersion = 55;
	objects = {

/* Begin PBXBuildFile section */
		C9A7855E283A5AC300D9177B /* ModuleListing.framework in Frameworks */ = {isa = PBXBuildFile; fileRef = C9A7855D283A5AC300D9177B /* ModuleListing.framework */; };
		C9A7855F283A5AC300D9177B /* ModuleListing.framework in Embed Frameworks */ = {isa = PBXBuildFile; fileRef = C9A7855D283A5AC300D9177B /* ModuleListing.framework */; settings = {ATTRIBUTES = (CodeSignOnCopy, RemoveHeadersOnCopy, ); }; };
		C9A78644283CAC8300D9177B /* RepositoryListRouterDelegate.swift in Sources */ = {isa = PBXBuildFile; fileRef = C9A78643283CAC8300D9177B /* RepositoryListRouterDelegate.swift */; };
		C9A7864A283CE55800D9177B /* RepositoryListSearchController.swift in Sources */ = {isa = PBXBuildFile; fileRef = C9A78649283CE55800D9177B /* RepositoryListSearchController.swift */; };
		C9A78652283CFA4900D9177B /* ModuleSearch.framework in Frameworks */ = {isa = PBXBuildFile; fileRef = C9A78651283CFA4900D9177B /* ModuleSearch.framework */; };
		C9A78653283CFA4900D9177B /* ModuleSearch.framework in Embed Frameworks */ = {isa = PBXBuildFile; fileRef = C9A78651283CFA4900D9177B /* ModuleSearch.framework */; settings = {ATTRIBUTES = (CodeSignOnCopy, RemoveHeadersOnCopy, ); }; };
		C9A78655283CFA9000D9177B /* ModuleDetails.framework in Frameworks */ = {isa = PBXBuildFile; fileRef = C9A78654283CFA9000D9177B /* ModuleDetails.framework */; };
		C9A78656283CFA9000D9177B /* ModuleDetails.framework in Embed Frameworks */ = {isa = PBXBuildFile; fileRef = C9A78654283CFA9000D9177B /* ModuleDetails.framework */; settings = {ATTRIBUTES = (CodeSignOnCopy, RemoveHeadersOnCopy, ); }; };
		C9A7865E283D11F900D9177B /* SearchStatus+SearchControllerStatus.swift in Sources */ = {isa = PBXBuildFile; fileRef = C9A7865D283D11F900D9177B /* SearchStatus+SearchControllerStatus.swift */; };
		C9A7866D283D21FC00D9177B /* GithubSearchItem+DetailsSearchItem.swift in Sources */ = {isa = PBXBuildFile; fileRef = C9A7866C283D21FC00D9177B /* GithubSearchItem+DetailsSearchItem.swift */; };
		C9A7869E283E8E1500D9177B /* ModuleAPI.framework in Frameworks */ = {isa = PBXBuildFile; fileRef = C9A7869D283E8E1500D9177B /* ModuleAPI.framework */; };
		C9A7869F283E8E1500D9177B /* ModuleAPI.framework in Embed Frameworks */ = {isa = PBXBuildFile; fileRef = C9A7869D283E8E1500D9177B /* ModuleAPI.framework */; settings = {ATTRIBUTES = (CodeSignOnCopy, RemoveHeadersOnCopy, ); }; };
		C9A787902854E1F200D9177B /* ModuleUI.framework in Frameworks */ = {isa = PBXBuildFile; fileRef = C9A7878F2854E1F200D9177B /* ModuleUI.framework */; };
		C9A787912854E1F200D9177B /* ModuleUI.framework in Embed Frameworks */ = {isa = PBXBuildFile; fileRef = C9A7878F2854E1F200D9177B /* ModuleUI.framework */; settings = {ATTRIBUTES = (CodeSignOnCopy, RemoveHeadersOnCopy, ); }; };
		C9E64C0E2827A2AE006283E7 /* AppDelegate.swift in Sources */ = {isa = PBXBuildFile; fileRef = C9E64C0D2827A2AE006283E7 /* AppDelegate.swift */; };
		C9E64C102827A2AE006283E7 /* SceneDelegate.swift in Sources */ = {isa = PBXBuildFile; fileRef = C9E64C0F2827A2AE006283E7 /* SceneDelegate.swift */; };
		C9E64C172827A2AF006283E7 /* Assets.xcassets in Resources */ = {isa = PBXBuildFile; fileRef = C9E64C162827A2AF006283E7 /* Assets.xcassets */; };
		C9E64C1A2827A2AF006283E7 /* LaunchScreen.storyboard in Resources */ = {isa = PBXBuildFile; fileRef = C9E64C182827A2AF006283E7 /* LaunchScreen.storyboard */; };
		C9E64C66282FB121006283E7 /* UIFactory.swift in Sources */ = {isa = PBXBuildFile; fileRef = C9E64C65282FB121006283E7 /* UIFactory.swift */; };
/* End PBXBuildFile section */

/* Begin PBXCopyFilesBuildPhase section */
		C9A7850E2839B1C400D9177B /* Embed Frameworks */ = {
			isa = PBXCopyFilesBuildPhase;
			buildActionMask = 2147483647;
			dstPath = "";
			dstSubfolderSpec = 10;
			files = (
				C9A7855F283A5AC300D9177B /* ModuleListing.framework in Embed Frameworks */,
				C9A78656283CFA9000D9177B /* ModuleDetails.framework in Embed Frameworks */,
				C9A78653283CFA4900D9177B /* ModuleSearch.framework in Embed Frameworks */,
				C9A7869F283E8E1500D9177B /* ModuleAPI.framework in Embed Frameworks */,
				C9A787912854E1F200D9177B /* ModuleUI.framework in Embed Frameworks */,
			);
			name = "Embed Frameworks";
			runOnlyForDeploymentPostprocessing = 0;
		};
/* End PBXCopyFilesBuildPhase section */

/* Begin PBXFileReference section */
		C9A7850B2839B1C400D9177B /* ModuleSearch.framework */ = {isa = PBXFileReference; explicitFileType = wrapper.framework; path = ModuleSearch.framework; sourceTree = BUILT_PRODUCTS_DIR; };
		C9A7855D283A5AC300D9177B /* ModuleListing.framework */ = {isa = PBXFileReference; explicitFileType = wrapper.framework; path = ModuleListing.framework; sourceTree = BUILT_PRODUCTS_DIR; };
		C9A78643283CAC8300D9177B /* RepositoryListRouterDelegate.swift */ = {isa = PBXFileReference; lastKnownFileType = sourcecode.swift; path = RepositoryListRouterDelegate.swift; sourceTree = "<group>"; };
		C9A78649283CE55800D9177B /* RepositoryListSearchController.swift */ = {isa = PBXFileReference; lastKnownFileType = sourcecode.swift; path = RepositoryListSearchController.swift; sourceTree = "<group>"; };
		C9A7864E283CE78E00D9177B /* ModuleCore.framework */ = {isa = PBXFileReference; explicitFileType = wrapper.framework; path = ModuleCore.framework; sourceTree = BUILT_PRODUCTS_DIR; };
		C9A78651283CFA4900D9177B /* ModuleSearch.framework */ = {isa = PBXFileReference; explicitFileType = wrapper.framework; path = ModuleSearch.framework; sourceTree = BUILT_PRODUCTS_DIR; };
		C9A78654283CFA9000D9177B /* ModuleDetails.framework */ = {isa = PBXFileReference; explicitFileType = wrapper.framework; path = ModuleDetails.framework; sourceTree = BUILT_PRODUCTS_DIR; };
		C9A7865D283D11F900D9177B /* SearchStatus+SearchControllerStatus.swift */ = {isa = PBXFileReference; lastKnownFileType = sourcecode.swift; path = "SearchStatus+SearchControllerStatus.swift"; sourceTree = "<group>"; };
		C9A7866C283D21FC00D9177B /* GithubSearchItem+DetailsSearchItem.swift */ = {isa = PBXFileReference; lastKnownFileType = sourcecode.swift; path = "GithubSearchItem+DetailsSearchItem.swift"; sourceTree = "<group>"; };
		C9A7869D283E8E1500D9177B /* ModuleAPI.framework */ = {isa = PBXFileReference; explicitFileType = wrapper.framework; path = ModuleAPI.framework; sourceTree = BUILT_PRODUCTS_DIR; };
		C9A7878F2854E1F200D9177B /* ModuleUI.framework */ = {isa = PBXFileReference; explicitFileType = wrapper.framework; path = ModuleUI.framework; sourceTree = BUILT_PRODUCTS_DIR; };
		C9E64C0A2827A2AE006283E7 /* ModularExample.app */ = {isa = PBXFileReference; explicitFileType = wrapper.application; includeInIndex = 0; path = ModularExample.app; sourceTree = BUILT_PRODUCTS_DIR; };
		C9E64C0D2827A2AE006283E7 /* AppDelegate.swift */ = {isa = PBXFileReference; lastKnownFileType = sourcecode.swift; path = AppDelegate.swift; sourceTree = "<group>"; };
		C9E64C0F2827A2AE006283E7 /* SceneDelegate.swift */ = {isa = PBXFileReference; lastKnownFileType = sourcecode.swift; path = SceneDelegate.swift; sourceTree = "<group>"; };
		C9E64C162827A2AF006283E7 /* Assets.xcassets */ = {isa = PBXFileReference; lastKnownFileType = folder.assetcatalog; path = Assets.xcassets; sourceTree = "<group>"; };
		C9E64C192827A2AF006283E7 /* Base */ = {isa = PBXFileReference; lastKnownFileType = file.storyboard; name = Base; path = Base.lproj/LaunchScreen.storyboard; sourceTree = "<group>"; };
		C9E64C1B2827A2AF006283E7 /* Info.plist */ = {isa = PBXFileReference; lastKnownFileType = text.plist.xml; path = Info.plist; sourceTree = "<group>"; };
		C9E64C65282FB121006283E7 /* UIFactory.swift */ = {isa = PBXFileReference; lastKnownFileType = sourcecode.swift; path = UIFactory.swift; sourceTree = "<group>"; };
		C9E64C6F282FF2C2006283E7 /* SampleCode.xcconfig */ = {isa = PBXFileReference; lastKnownFileType = text.xcconfig; path = SampleCode.xcconfig; sourceTree = "<group>"; };
/* End PBXFileReference section */

/* Begin PBXFrameworksBuildPhase section */
		C9E64C072827A2AE006283E7 /* Frameworks */ = {
			isa = PBXFrameworksBuildPhase;
			buildActionMask = 2147483647;
			files = (
				C9A7855E283A5AC300D9177B /* ModuleListing.framework in Frameworks */,
				C9A78655283CFA9000D9177B /* ModuleDetails.framework in Frameworks */,
				C9A78652283CFA4900D9177B /* ModuleSearch.framework in Frameworks */,
				C9A7869E283E8E1500D9177B /* ModuleAPI.framework in Frameworks */,
				C9A787902854E1F200D9177B /* ModuleUI.framework in Frameworks */,
			);
			runOnlyForDeploymentPostprocessing = 0;
		};
/* End PBXFrameworksBuildPhase section */

/* Begin PBXGroup section */
		C9A7850A2839B1C400D9177B /* Frameworks */ = {
			isa = PBXGroup;
			children = (
				C9A7878F2854E1F200D9177B /* ModuleUI.framework */,
				C9A7869D283E8E1500D9177B /* ModuleAPI.framework */,
				C9A78654283CFA9000D9177B /* ModuleDetails.framework */,
				C9A78651283CFA4900D9177B /* ModuleSearch.framework */,
				C9A7864E283CE78E00D9177B /* ModuleCore.framework */,
				C9A7855D283A5AC300D9177B /* ModuleListing.framework */,
				C9A7850B2839B1C400D9177B /* ModuleSearch.framework */,
			);
			name = Frameworks;
			sourceTree = "<group>";
		};
		C9A78792285517B300D9177B /* API */ = {
			isa = PBXGroup;
			children = (
				C9A78793285517B800D9177B /* API+Listing */,
			);
			path = API;
			sourceTree = "<group>";
		};
		C9A78793285517B800D9177B /* API+Listing */ = {
			isa = PBXGroup;
			children = (
			);
			path = "API+Listing";
			sourceTree = "<group>";
		};
		C9A78794285518AF00D9177B /* Listing */ = {
			isa = PBXGroup;
			children = (
				C9A78643283CAC8300D9177B /* RepositoryListRouterDelegate.swift */,
				C9A787972855190E00D9177B /* Listing+Search */,
				C9A787982855194000D9177B /* Listing+Details */,
			);
			path = Listing;
			sourceTree = "<group>";
		};
		C9A78795285518D400D9177B /* Search */ = {
			isa = PBXGroup;
			children = (
				C9A78796285518DD00D9177B /* Search+Listing */,
			);
			path = Search;
			sourceTree = "<group>";
		};
		C9A78796285518DD00D9177B /* Search+Listing */ = {
			isa = PBXGroup;
			children = (
				C9A78649283CE55800D9177B /* RepositoryListSearchController.swift */,
			);
			path = "Search+Listing";
			sourceTree = "<group>";
		};
		C9A787972855190E00D9177B /* Listing+Search */ = {
			isa = PBXGroup;
			children = (
				C9A7865D283D11F900D9177B /* SearchStatus+SearchControllerStatus.swift */,
			);
			path = "Listing+Search";
			sourceTree = "<group>";
		};
		C9A787982855194000D9177B /* Listing+Details */ = {
			isa = PBXGroup;
			children = (
				C9A7866C283D21FC00D9177B /* GithubSearchItem+DetailsSearchItem.swift */,
			);
			path = "Listing+Details";
			sourceTree = "<group>";
		};
		C9E64C012827A2AE006283E7 = {
			isa = PBXGroup;
			children = (
				C9E64C0C2827A2AE006283E7 /* ModularExample */,
				C9E64C0B2827A2AE006283E7 /* Products */,
				C9A7850A2839B1C400D9177B /* Frameworks */,
			);
			sourceTree = "<group>";
		};
		C9E64C0B2827A2AE006283E7 /* Products */ = {
			isa = PBXGroup;
			children = (
				C9E64C0A2827A2AE006283E7 /* ModularExample.app */,
			);
			name = Products;
			sourceTree = "<group>";
		};
		C9E64C0C2827A2AE006283E7 /* ModularExample */ = {
			isa = PBXGroup;
			children = (
				C9E64C64282FB106006283E7 /* Composer */,
				C9A78792285517B300D9177B /* API */,
				C9A78795285518D400D9177B /* Search */,
				C9A78794285518AF00D9177B /* Listing */,
				C9E64C0D2827A2AE006283E7 /* AppDelegate.swift */,
				C9E64C0F2827A2AE006283E7 /* SceneDelegate.swift */,
				C9E64C162827A2AF006283E7 /* Assets.xcassets */,
				C9E64C182827A2AF006283E7 /* LaunchScreen.storyboard */,
				C9E64C1B2827A2AF006283E7 /* Info.plist */,
				C9E64C6F282FF2C2006283E7 /* SampleCode.xcconfig */,
			);
			name = ModularExample;
			sourceTree = "<group>";
		};
		C9E64C64282FB106006283E7 /* Composer */ = {
			isa = PBXGroup;
			children = (
				C9E64C65282FB121006283E7 /* UIFactory.swift */,
			);
			path = Composer;
			sourceTree = "<group>";
		};
/* End PBXGroup section */

/* Begin PBXNativeTarget section */
		C9E64C092827A2AE006283E7 /* ModularExample */ = {
			isa = PBXNativeTarget;
			buildConfigurationList = C9E64C1E2827A2AF006283E7 /* Build configuration list for PBXNativeTarget "ModularExample" */;
			buildPhases = (
				C9E64C062827A2AE006283E7 /* Sources */,
				C9E64C072827A2AE006283E7 /* Frameworks */,
				C9E64C082827A2AE006283E7 /* Resources */,
				C9A7850E2839B1C400D9177B /* Embed Frameworks */,
			);
			buildRules = (
			);
			dependencies = (
			);
			name = ModularExample;
			productName = ModularExample;
			productReference = C9E64C0A2827A2AE006283E7 /* ModularExample.app */;
			productType = "com.apple.product-type.application";
		};
/* End PBXNativeTarget section */

/* Begin PBXProject section */
		C9E64C022827A2AE006283E7 /* Project object */ = {
			isa = PBXProject;
			attributes = {
				BuildIndependentTargetsInParallel = 1;
				LastSwiftUpdateCheck = 1330;
				LastUpgradeCheck = 1330;
				TargetAttributes = {
					C9E64C092827A2AE006283E7 = {
						CreatedOnToolsVersion = 13.3.1;
					};
				};
			};
			buildConfigurationList = C9E64C052827A2AE006283E7 /* Build configuration list for PBXProject "ModularExample" */;
			compatibilityVersion = "Xcode 13.0";
			developmentRegion = en;
			hasScannedForEncodings = 0;
			knownRegions = (
				en,
				Base,
			);
			mainGroup = C9E64C012827A2AE006283E7;
			productRefGroup = C9E64C0B2827A2AE006283E7 /* Products */;
			projectDirPath = "";
			projectRoot = "";
			targets = (
				C9E64C092827A2AE006283E7 /* ModularExample */,
			);
		};
/* End PBXProject section */

/* Begin PBXResourcesBuildPhase section */
		C9E64C082827A2AE006283E7 /* Resources */ = {
			isa = PBXResourcesBuildPhase;
			buildActionMask = 2147483647;
			files = (
				C9E64C1A2827A2AF006283E7 /* LaunchScreen.storyboard in Resources */,
				C9E64C172827A2AF006283E7 /* Assets.xcassets in Resources */,
			);
			runOnlyForDeploymentPostprocessing = 0;
		};
/* End PBXResourcesBuildPhase section */

/* Begin PBXSourcesBuildPhase section */
		C9E64C062827A2AE006283E7 /* Sources */ = {
			isa = PBXSourcesBuildPhase;
			buildActionMask = 2147483647;
			files = (
				C9E64C66282FB121006283E7 /* UIFactory.swift in Sources */,
				C9A78644283CAC8300D9177B /* RepositoryListRouterDelegate.swift in Sources */,
				C9A7866D283D21FC00D9177B /* GithubSearchItem+DetailsSearchItem.swift in Sources */,
				C9E64C0E2827A2AE006283E7 /* AppDelegate.swift in Sources */,
				C9A7865E283D11F900D9177B /* SearchStatus+SearchControllerStatus.swift in Sources */,
				C9E64C102827A2AE006283E7 /* SceneDelegate.swift in Sources */,
				C9A7864A283CE55800D9177B /* RepositoryListSearchController.swift in Sources */,
			);
			runOnlyForDeploymentPostprocessing = 0;
		};
/* End PBXSourcesBuildPhase section */

/* Begin PBXVariantGroup section */
		C9E64C182827A2AF006283E7 /* LaunchScreen.storyboard */ = {
			isa = PBXVariantGroup;
			children = (
				C9E64C192827A2AF006283E7 /* Base */,
			);
			name = LaunchScreen.storyboard;
			sourceTree = "<group>";
		};
/* End PBXVariantGroup section */

/* Begin XCBuildConfiguration section */
		C9E64C1C2827A2AF006283E7 /* Debug */ = {
			isa = XCBuildConfiguration;
			baseConfigurationReference = C9E64C6F282FF2C2006283E7 /* SampleCode.xcconfig */;
			buildSettings = {
				ALWAYS_SEARCH_USER_PATHS = NO;
				CLANG_ANALYZER_NONNULL = YES;
				CLANG_ANALYZER_NUMBER_OBJECT_CONVERSION = YES_AGGRESSIVE;
				CLANG_CXX_LANGUAGE_STANDARD = "gnu++17";
				CLANG_ENABLE_MODULES = YES;
				CLANG_ENABLE_OBJC_ARC = YES;
				CLANG_ENABLE_OBJC_WEAK = YES;
				CLANG_WARN_BLOCK_CAPTURE_AUTORELEASING = YES;
				CLANG_WARN_BOOL_CONVERSION = YES;
				CLANG_WARN_COMMA = YES;
				CLANG_WARN_CONSTANT_CONVERSION = YES;
				CLANG_WARN_DEPRECATED_OBJC_IMPLEMENTATIONS = YES;
				CLANG_WARN_DIRECT_OBJC_ISA_USAGE = YES_ERROR;
				CLANG_WARN_DOCUMENTATION_COMMENTS = YES;
				CLANG_WARN_EMPTY_BODY = YES;
				CLANG_WARN_ENUM_CONVERSION = YES;
				CLANG_WARN_INFINITE_RECURSION = YES;
				CLANG_WARN_INT_CONVERSION = YES;
				CLANG_WARN_NON_LITERAL_NULL_CONVERSION = YES;
				CLANG_WARN_OBJC_IMPLICIT_RETAIN_SELF = YES;
				CLANG_WARN_OBJC_LITERAL_CONVERSION = YES;
				CLANG_WARN_OBJC_ROOT_CLASS = YES_ERROR;
				CLANG_WARN_QUOTED_INCLUDE_IN_FRAMEWORK_HEADER = YES;
				CLANG_WARN_RANGE_LOOP_ANALYSIS = YES;
				CLANG_WARN_STRICT_PROTOTYPES = YES;
				CLANG_WARN_SUSPICIOUS_MOVE = YES;
				CLANG_WARN_UNGUARDED_AVAILABILITY = YES_AGGRESSIVE;
				CLANG_WARN_UNREACHABLE_CODE = YES;
				CLANG_WARN__DUPLICATE_METHOD_MATCH = YES;
				COPY_PHASE_STRIP = NO;
				DEBUG_INFORMATION_FORMAT = dwarf;
				ENABLE_STRICT_OBJC_MSGSEND = YES;
				ENABLE_TESTABILITY = YES;
				GCC_C_LANGUAGE_STANDARD = gnu11;
				GCC_DYNAMIC_NO_PIC = NO;
				GCC_NO_COMMON_BLOCKS = YES;
				GCC_OPTIMIZATION_LEVEL = 0;
				GCC_PREPROCESSOR_DEFINITIONS = (
					"DEBUG=1",
					"$(inherited)",
				);
				GCC_WARN_64_TO_32_BIT_CONVERSION = YES;
				GCC_WARN_ABOUT_RETURN_TYPE = YES_ERROR;
				GCC_WARN_UNDECLARED_SELECTOR = YES;
				GCC_WARN_UNINITIALIZED_AUTOS = YES_AGGRESSIVE;
				GCC_WARN_UNUSED_FUNCTION = YES;
				GCC_WARN_UNUSED_VARIABLE = YES;
				IPHONEOS_DEPLOYMENT_TARGET = 15.4;
				MTL_ENABLE_DEBUG_INFO = INCLUDE_SOURCE;
				MTL_FAST_MATH = YES;
				ONLY_ACTIVE_ARCH = YES;
				SDKROOT = iphoneos;
				SWIFT_ACTIVE_COMPILATION_CONDITIONS = DEBUG;
				SWIFT_OPTIMIZATION_LEVEL = "-Onone";
			};
			name = Debug;
		};
		C9E64C1D2827A2AF006283E7 /* Release */ = {
			isa = XCBuildConfiguration;
			buildSettings = {
				ALWAYS_SEARCH_USER_PATHS = NO;
				CLANG_ANALYZER_NONNULL = YES;
				CLANG_ANALYZER_NUMBER_OBJECT_CONVERSION = YES_AGGRESSIVE;
				CLANG_CXX_LANGUAGE_STANDARD = "gnu++17";
				CLANG_ENABLE_MODULES = YES;
				CLANG_ENABLE_OBJC_ARC = YES;
				CLANG_ENABLE_OBJC_WEAK = YES;
				CLANG_WARN_BLOCK_CAPTURE_AUTORELEASING = YES;
				CLANG_WARN_BOOL_CONVERSION = YES;
				CLANG_WARN_COMMA = YES;
				CLANG_WARN_CONSTANT_CONVERSION = YES;
				CLANG_WARN_DEPRECATED_OBJC_IMPLEMENTATIONS = YES;
				CLANG_WARN_DIRECT_OBJC_ISA_USAGE = YES_ERROR;
				CLANG_WARN_DOCUMENTATION_COMMENTS = YES;
				CLANG_WARN_EMPTY_BODY = YES;
				CLANG_WARN_ENUM_CONVERSION = YES;
				CLANG_WARN_INFINITE_RECURSION = YES;
				CLANG_WARN_INT_CONVERSION = YES;
				CLANG_WARN_NON_LITERAL_NULL_CONVERSION = YES;
				CLANG_WARN_OBJC_IMPLICIT_RETAIN_SELF = YES;
				CLANG_WARN_OBJC_LITERAL_CONVERSION = YES;
				CLANG_WARN_OBJC_ROOT_CLASS = YES_ERROR;
				CLANG_WARN_QUOTED_INCLUDE_IN_FRAMEWORK_HEADER = YES;
				CLANG_WARN_RANGE_LOOP_ANALYSIS = YES;
				CLANG_WARN_STRICT_PROTOTYPES = YES;
				CLANG_WARN_SUSPICIOUS_MOVE = YES;
				CLANG_WARN_UNGUARDED_AVAILABILITY = YES_AGGRESSIVE;
				CLANG_WARN_UNREACHABLE_CODE = YES;
				CLANG_WARN__DUPLICATE_METHOD_MATCH = YES;
				COPY_PHASE_STRIP = NO;
				DEBUG_INFORMATION_FORMAT = "dwarf-with-dsym";
				ENABLE_NS_ASSERTIONS = NO;
				ENABLE_STRICT_OBJC_MSGSEND = YES;
				GCC_C_LANGUAGE_STANDARD = gnu11;
				GCC_NO_COMMON_BLOCKS = YES;
				GCC_WARN_64_TO_32_BIT_CONVERSION = YES;
				GCC_WARN_ABOUT_RETURN_TYPE = YES_ERROR;
				GCC_WARN_UNDECLARED_SELECTOR = YES;
				GCC_WARN_UNINITIALIZED_AUTOS = YES_AGGRESSIVE;
				GCC_WARN_UNUSED_FUNCTION = YES;
				GCC_WARN_UNUSED_VARIABLE = YES;
				IPHONEOS_DEPLOYMENT_TARGET = 15.4;
				MTL_ENABLE_DEBUG_INFO = NO;
				MTL_FAST_MATH = YES;
				SDKROOT = iphoneos;
				SWIFT_COMPILATION_MODE = wholemodule;
				SWIFT_OPTIMIZATION_LEVEL = "-O";
				VALIDATE_PRODUCT = YES;
			};
			name = Release;
		};
		C9E64C1F2827A2AF006283E7 /* Debug */ = {
			isa = XCBuildConfiguration;
			buildSettings = {
				ASSETCATALOG_COMPILER_APPICON_NAME = AppIcon;
				ASSETCATALOG_COMPILER_GLOBAL_ACCENT_COLOR_NAME = AccentColor;
				CODE_SIGN_STYLE = Automatic;
				CURRENT_PROJECT_VERSION = 1;
				DEVELOPMENT_TEAM = SGW9NZTF78;
				GENERATE_INFOPLIST_FILE = YES;
				INFOPLIST_FILE = Info.plist;
				INFOPLIST_KEY_UIApplicationSupportsIndirectInputEvents = YES;
				INFOPLIST_KEY_UILaunchStoryboardName = LaunchScreen;
				INFOPLIST_KEY_UISupportedInterfaceOrientations_iPad = "UIInterfaceOrientationPortrait UIInterfaceOrientationPortraitUpsideDown UIInterfaceOrientationLandscapeLeft UIInterfaceOrientationLandscapeRight";
				INFOPLIST_KEY_UISupportedInterfaceOrientations_iPhone = "UIInterfaceOrientationPortrait UIInterfaceOrientationLandscapeLeft UIInterfaceOrientationLandscapeRight";
				LD_RUNPATH_SEARCH_PATHS = (
					"$(inherited)",
					"@executable_path/Frameworks",
				);
				MARKETING_VERSION = 1.0;
				PRODUCT_BUNDLE_IDENTIFIER = "com.beemo.modular-example.${SAMPLE_CODE_DISAMBIGUATOR}";
				PRODUCT_NAME = "$(TARGET_NAME)";
				SWIFT_EMIT_LOC_STRINGS = YES;
				SWIFT_VERSION = 5.0;
				TARGETED_DEVICE_FAMILY = "1,2";
			};
			name = Debug;
		};
		C9E64C202827A2AF006283E7 /* Release */ = {
			isa = XCBuildConfiguration;
			buildSettings = {
				ASSETCATALOG_COMPILER_APPICON_NAME = AppIcon;
				ASSETCATALOG_COMPILER_GLOBAL_ACCENT_COLOR_NAME = AccentColor;
				CODE_SIGN_STYLE = Automatic;
				CURRENT_PROJECT_VERSION = 1;
				DEVELOPMENT_TEAM = SGW9NZTF78;
				GENERATE_INFOPLIST_FILE = YES;
				INFOPLIST_FILE = Info.plist;
				INFOPLIST_KEY_UIApplicationSupportsIndirectInputEvents = YES;
				INFOPLIST_KEY_UILaunchStoryboardName = LaunchScreen;
				INFOPLIST_KEY_UISupportedInterfaceOrientations_iPad = "UIInterfaceOrientationPortrait UIInterfaceOrientationPortraitUpsideDown UIInterfaceOrientationLandscapeLeft UIInterfaceOrientationLandscapeRight";
				INFOPLIST_KEY_UISupportedInterfaceOrientations_iPhone = "UIInterfaceOrientationPortrait UIInterfaceOrientationLandscapeLeft UIInterfaceOrientationLandscapeRight";
				LD_RUNPATH_SEARCH_PATHS = (
					"$(inherited)",
					"@executable_path/Frameworks",
				);
				MARKETING_VERSION = 1.0;
				PRODUCT_BUNDLE_IDENTIFIER = "com.beemo.modular-example.${SAMPLE_CODE_DISAMBIGUATOR}";
				PRODUCT_NAME = "$(TARGET_NAME)";
				SWIFT_EMIT_LOC_STRINGS = YES;
				SWIFT_VERSION = 5.0;
				TARGETED_DEVICE_FAMILY = "1,2";
			};
			name = Release;
		};
/* End XCBuildConfiguration section */

/* Begin XCConfigurationList section */
		C9E64C052827A2AE006283E7 /* Build configuration list for PBXProject "ModularExample" */ = {
			isa = XCConfigurationList;
			buildConfigurations = (
				C9E64C1C2827A2AF006283E7 /* Debug */,
				C9E64C1D2827A2AF006283E7 /* Release */,
			);
			defaultConfigurationIsVisible = 0;
			defaultConfigurationName = Release;
		};
		C9E64C1E2827A2AF006283E7 /* Build configuration list for PBXNativeTarget "ModularExample" */ = {
			isa = XCConfigurationList;
			buildConfigurations = (
				C9E64C1F2827A2AF006283E7 /* Debug */,
				C9E64C202827A2AF006283E7 /* Release */,
			);
			defaultConfigurationIsVisible = 0;
			defaultConfigurationName = Release;
		};
/* End XCConfigurationList section */
	};
	rootObject = C9E64C022827A2AE006283E7 /* Project object */;
}
