// !$*UTF8*$!
{
	archiveVersion = 1;
	classes = {
	};
	objectVersion = 55;
	objects = {

/* Begin PBXBuildFile section */
		C9E64C0E2827A2AE006283E7 /* AppDelegate.swift in Sources */ = {isa = PBXBuildFile; fileRef = C9E64C0D2827A2AE006283E7 /* AppDelegate.swift */; };
		C9E64C102827A2AE006283E7 /* SceneDelegate.swift in Sources */ = {isa = PBXBuildFile; fileRef = C9E64C0F2827A2AE006283E7 /* SceneDelegate.swift */; };
		C9E64C122827A2AE006283E7 /* RepositoryListViewController.swift in Sources */ = {isa = PBXBuildFile; fileRef = C9E64C112827A2AE006283E7 /* RepositoryListViewController.swift */; };
		C9E64C172827A2AF006283E7 /* Assets.xcassets in Resources */ = {isa = PBXBuildFile; fileRef = C9E64C162827A2AF006283E7 /* Assets.xcassets */; };
		C9E64C1A2827A2AF006283E7 /* LaunchScreen.storyboard in Resources */ = {isa = PBXBuildFile; fileRef = C9E64C182827A2AF006283E7 /* LaunchScreen.storyboard */; };
		C9E64C232827B31F006283E7 /* APIManager.swift in Sources */ = {isa = PBXBuildFile; fileRef = C9E64C222827B31F006283E7 /* APIManager.swift */; };
		C9E64C252827BBD5006283E7 /* GithubResource.swift in Sources */ = {isa = PBXBuildFile; fileRef = C9E64C242827BBD5006283E7 /* GithubResource.swift */; };
		C9E64C282827C139006283E7 /* GithubSearchService.swift in Sources */ = {isa = PBXBuildFile; fileRef = C9E64C272827C139006283E7 /* GithubSearchService.swift */; };
		C9E64C2A2828063B006283E7 /* GithubSearchResponse.swift in Sources */ = {isa = PBXBuildFile; fileRef = C9E64C292828063B006283E7 /* GithubSearchResponse.swift */; };
		C9E64C2D28281035006283E7 /* GithubSearchModel.swift in Sources */ = {isa = PBXBuildFile; fileRef = C9E64C2C28281035006283E7 /* GithubSearchModel.swift */; };
		C9E64C3028289672006283E7 /* GithubSearchResponse+DomainModel.swift in Sources */ = {isa = PBXBuildFile; fileRef = C9E64C2F28289672006283E7 /* GithubSearchResponse+DomainModel.swift */; };
		C9E64C3328289A72006283E7 /* JSONDecoder+DateStrategy.swift in Sources */ = {isa = PBXBuildFile; fileRef = C9E64C3228289A72006283E7 /* JSONDecoder+DateStrategy.swift */; };
		C9E64C382828A608006283E7 /* SearchListCell.swift in Sources */ = {isa = PBXBuildFile; fileRef = C9E64C372828A608006283E7 /* SearchListCell.swift */; };
		C9E64C3A2828A6F3006283E7 /* UITableViewCell+ReuseIdentifier.swift in Sources */ = {isa = PBXBuildFile; fileRef = C9E64C392828A6F3006283E7 /* UITableViewCell+ReuseIdentifier.swift */; };
		C9E64C3F2828BEF9006283E7 /* Array+Subscript.swift in Sources */ = {isa = PBXBuildFile; fileRef = C9E64C3E2828BEF9006283E7 /* Array+Subscript.swift */; };
		C9E64C452828CB07006283E7 /* RepositoryListViewModel.swift in Sources */ = {isa = PBXBuildFile; fileRef = C9E64C442828CB07006283E7 /* RepositoryListViewModel.swift */; };
		C9E64C47282A29DF006283E7 /* SearchListCellViewModel.swift in Sources */ = {isa = PBXBuildFile; fileRef = C9E64C46282A29DF006283E7 /* SearchListCellViewModel.swift */; };
		C9E64C49282A2A5B006283E7 /* GithubSearchItem+ViewModel.swift in Sources */ = {isa = PBXBuildFile; fileRef = C9E64C48282A2A5B006283E7 /* GithubSearchItem+ViewModel.swift */; };
		C9E64C4C282A2FBB006283E7 /* SharedNumberFormatter.swift in Sources */ = {isa = PBXBuildFile; fileRef = C9E64C4B282A2FBB006283E7 /* SharedNumberFormatter.swift */; };
		C9E64C4E282B2C56006283E7 /* LoadingCell.swift in Sources */ = {isa = PBXBuildFile; fileRef = C9E64C4D282B2C56006283E7 /* LoadingCell.swift */; };
		C9E64C51282D0706006283E7 /* GithubSearchController.swift in Sources */ = {isa = PBXBuildFile; fileRef = C9E64C50282D0706006283E7 /* GithubSearchController.swift */; };
		C9E64C53282F73D9006283E7 /* Observer.swift in Sources */ = {isa = PBXBuildFile; fileRef = C9E64C52282F73D9006283E7 /* Observer.swift */; };
		C9E64C55282F7BD7006283E7 /* GithubSearchResultController.swift in Sources */ = {isa = PBXBuildFile; fileRef = C9E64C54282F7BD7006283E7 /* GithubSearchResultController.swift */; };
		C9E64C59282F87F8006283E7 /* RefreshController.swift in Sources */ = {isa = PBXBuildFile; fileRef = C9E64C58282F87F8006283E7 /* RefreshController.swift */; };
		C9E64C5C282FA55F006283E7 /* HorizontalDivider.swift in Sources */ = {isa = PBXBuildFile; fileRef = C9E64C5B282FA55F006283E7 /* HorizontalDivider.swift */; };
		C9E64C61282FAC67006283E7 /* RepositoryDetailsViewController.swift in Sources */ = {isa = PBXBuildFile; fileRef = C9E64C60282FAC67006283E7 /* RepositoryDetailsViewController.swift */; };
		C9E64C63282FADD5006283E7 /* RepositoryDetailsViewModel.swift in Sources */ = {isa = PBXBuildFile; fileRef = C9E64C62282FADD5006283E7 /* RepositoryDetailsViewModel.swift */; };
		C9E64C66282FB121006283E7 /* UIFactory.swift in Sources */ = {isa = PBXBuildFile; fileRef = C9E64C65282FB121006283E7 /* UIFactory.swift */; };
/* End PBXBuildFile section */

/* Begin PBXFileReference section */
		C9E64C0A2827A2AE006283E7 /* ModularExample.app */ = {isa = PBXFileReference; explicitFileType = wrapper.application; includeInIndex = 0; path = ModularExample.app; sourceTree = BUILT_PRODUCTS_DIR; };
		C9E64C0D2827A2AE006283E7 /* AppDelegate.swift */ = {isa = PBXFileReference; lastKnownFileType = sourcecode.swift; path = AppDelegate.swift; sourceTree = "<group>"; };
		C9E64C0F2827A2AE006283E7 /* SceneDelegate.swift */ = {isa = PBXFileReference; lastKnownFileType = sourcecode.swift; path = SceneDelegate.swift; sourceTree = "<group>"; };
		C9E64C112827A2AE006283E7 /* RepositoryListViewController.swift */ = {isa = PBXFileReference; lastKnownFileType = sourcecode.swift; path = RepositoryListViewController.swift; sourceTree = "<group>"; };
		C9E64C162827A2AF006283E7 /* Assets.xcassets */ = {isa = PBXFileReference; lastKnownFileType = folder.assetcatalog; path = Assets.xcassets; sourceTree = "<group>"; };
		C9E64C192827A2AF006283E7 /* Base */ = {isa = PBXFileReference; lastKnownFileType = file.storyboard; name = Base; path = Base.lproj/LaunchScreen.storyboard; sourceTree = "<group>"; };
		C9E64C1B2827A2AF006283E7 /* Info.plist */ = {isa = PBXFileReference; lastKnownFileType = text.plist.xml; path = Info.plist; sourceTree = "<group>"; };
		C9E64C6F282FF2C2006283E7 /* SampleCode.xcconfig */ = {isa = PBXFileReference; lastKnownFileType = text.xcconfig; path = SampleCode.xcconfig; sourceTree = "<group>"; };
		C9E64C222827B31F006283E7 /* APIManager.swift */ = {isa = PBXFileReference; lastKnownFileType = sourcecode.swift; path = APIManager.swift; sourceTree = "<group>"; };
		C9E64C242827BBD5006283E7 /* GithubResource.swift */ = {isa = PBXFileReference; lastKnownFileType = sourcecode.swift; path = GithubResource.swift; sourceTree = "<group>"; };
		C9E64C272827C139006283E7 /* GithubSearchService.swift */ = {isa = PBXFileReference; lastKnownFileType = sourcecode.swift; path = GithubSearchService.swift; sourceTree = "<group>"; };
		C9E64C292828063B006283E7 /* GithubSearchResponse.swift */ = {isa = PBXFileReference; lastKnownFileType = sourcecode.swift; path = GithubSearchResponse.swift; sourceTree = "<group>"; };
		C9E64C2C28281035006283E7 /* GithubSearchModel.swift */ = {isa = PBXFileReference; lastKnownFileType = sourcecode.swift; path = GithubSearchModel.swift; sourceTree = "<group>"; };
		C9E64C2F28289672006283E7 /* GithubSearchResponse+DomainModel.swift */ = {isa = PBXFileReference; lastKnownFileType = sourcecode.swift; path = "GithubSearchResponse+DomainModel.swift"; sourceTree = "<group>"; };
		C9E64C3228289A72006283E7 /* JSONDecoder+DateStrategy.swift */ = {isa = PBXFileReference; lastKnownFileType = sourcecode.swift; path = "JSONDecoder+DateStrategy.swift"; sourceTree = "<group>"; };
		C9E64C372828A608006283E7 /* SearchListCell.swift */ = {isa = PBXFileReference; lastKnownFileType = sourcecode.swift; path = SearchListCell.swift; sourceTree = "<group>"; };
		C9E64C392828A6F3006283E7 /* UITableViewCell+ReuseIdentifier.swift */ = {isa = PBXFileReference; lastKnownFileType = sourcecode.swift; path = "UITableViewCell+ReuseIdentifier.swift"; sourceTree = "<group>"; };
		C9E64C3E2828BEF9006283E7 /* Array+Subscript.swift */ = {isa = PBXFileReference; lastKnownFileType = sourcecode.swift; path = "Array+Subscript.swift"; sourceTree = "<group>"; };
		C9E64C442828CB07006283E7 /* RepositoryListViewModel.swift */ = {isa = PBXFileReference; lastKnownFileType = sourcecode.swift; path = RepositoryListViewModel.swift; sourceTree = "<group>"; };
		C9E64C46282A29DF006283E7 /* SearchListCellViewModel.swift */ = {isa = PBXFileReference; lastKnownFileType = sourcecode.swift; path = SearchListCellViewModel.swift; sourceTree = "<group>"; };
		C9E64C48282A2A5B006283E7 /* GithubSearchItem+ViewModel.swift */ = {isa = PBXFileReference; lastKnownFileType = sourcecode.swift; path = "GithubSearchItem+ViewModel.swift"; sourceTree = "<group>"; };
		C9E64C4B282A2FBB006283E7 /* SharedNumberFormatter.swift */ = {isa = PBXFileReference; lastKnownFileType = sourcecode.swift; path = SharedNumberFormatter.swift; sourceTree = "<group>"; };
		C9E64C4D282B2C56006283E7 /* LoadingCell.swift */ = {isa = PBXFileReference; lastKnownFileType = sourcecode.swift; path = LoadingCell.swift; sourceTree = "<group>"; };
		C9E64C50282D0706006283E7 /* GithubSearchController.swift */ = {isa = PBXFileReference; lastKnownFileType = sourcecode.swift; path = GithubSearchController.swift; sourceTree = "<group>"; };
		C9E64C52282F73D9006283E7 /* Observer.swift */ = {isa = PBXFileReference; lastKnownFileType = sourcecode.swift; path = Observer.swift; sourceTree = "<group>"; };
		C9E64C54282F7BD7006283E7 /* GithubSearchResultController.swift */ = {isa = PBXFileReference; lastKnownFileType = sourcecode.swift; path = GithubSearchResultController.swift; sourceTree = "<group>"; };
		C9E64C58282F87F8006283E7 /* RefreshController.swift */ = {isa = PBXFileReference; lastKnownFileType = sourcecode.swift; path = RefreshController.swift; sourceTree = "<group>"; };
		C9E64C5B282FA55F006283E7 /* HorizontalDivider.swift */ = {isa = PBXFileReference; lastKnownFileType = sourcecode.swift; path = HorizontalDivider.swift; sourceTree = "<group>"; };
		C9E64C60282FAC67006283E7 /* RepositoryDetailsViewController.swift */ = {isa = PBXFileReference; lastKnownFileType = sourcecode.swift; path = RepositoryDetailsViewController.swift; sourceTree = "<group>"; };
		C9E64C62282FADD5006283E7 /* RepositoryDetailsViewModel.swift */ = {isa = PBXFileReference; lastKnownFileType = sourcecode.swift; path = RepositoryDetailsViewModel.swift; sourceTree = "<group>"; };
		C9E64C65282FB121006283E7 /* UIFactory.swift */ = {isa = PBXFileReference; lastKnownFileType = sourcecode.swift; path = UIFactory.swift; sourceTree = "<group>"; };
/* End PBXFileReference section */

/* Begin PBXFrameworksBuildPhase section */
		C9E64C072827A2AE006283E7 /* Frameworks */ = {
			isa = PBXFrameworksBuildPhase;
			buildActionMask = 2147483647;
			files = (
			);
			runOnlyForDeploymentPostprocessing = 0;
		};
/* End PBXFrameworksBuildPhase section */

/* Begin PBXGroup section */
		C9E64C012827A2AE006283E7 = {
			isa = PBXGroup;
			children = (
				C9E64C0C2827A2AE006283E7 /* ModularExample */,
				C9E64C0B2827A2AE006283E7 /* Products */,
			);
			sourceTree = "<group>";
		};
		C9E64C0B2827A2AE006283E7 /* Products */ = {
			isa = PBXGroup;
			children = (
				C9E64C0A2827A2AE006283E7 /* ModularExample.app */,
			);
			name = Products;
			sourceTree = "<group>";
		};
		C9E64C0C2827A2AE006283E7 /* ModularExample */ = {
			isa = PBXGroup;
			children = (
				C9E64C212827B311006283E7 /* API */,
				C9E64C3128289A58006283E7 /* Helper */,
				C9E64C2E28289616006283E7 /* Mapper */,
				C9E64C2B28281024006283E7 /* Model */,
				C9E64C262827C123006283E7 /* Service */,
				C9E64C4A282A2FA2006283E7 /* Shared */,
				C9E64C56282F87BB006283E7 /* Component */,
				C9E64C64282FB106006283E7 /* Composer */,
				C9E64C342828A2AA006283E7 /* Feature */,
				C9E64C0D2827A2AE006283E7 /* AppDelegate.swift */,
				C9E64C0F2827A2AE006283E7 /* SceneDelegate.swift */,
				C9E64C162827A2AF006283E7 /* Assets.xcassets */,
				C9E64C182827A2AF006283E7 /* LaunchScreen.storyboard */,
				C9E64C1B2827A2AF006283E7 /* Info.plist */,
				C9E64C6F282FF2C2006283E7 /* SampleCode.xcconfig */,
			);
			path = ModularExample;
			sourceTree = "<group>";
		};
		C9E64C212827B311006283E7 /* API */ = {
			isa = PBXGroup;
			children = (
				C9E64C222827B31F006283E7 /* APIManager.swift */,
				C9E64C242827BBD5006283E7 /* GithubResource.swift */,
				C9E64C292828063B006283E7 /* GithubSearchResponse.swift */,
			);
			path = API;
			sourceTree = "<group>";
		};
		C9E64C262827C123006283E7 /* Service */ = {
			isa = PBXGroup;
			children = (
				C9E64C272827C139006283E7 /* GithubSearchService.swift */,
			);
			path = Service;
			sourceTree = "<group>";
		};
		C9E64C2B28281024006283E7 /* Model */ = {
			isa = PBXGroup;
			children = (
				C9E64C2C28281035006283E7 /* GithubSearchModel.swift */,
			);
			path = Model;
			sourceTree = "<group>";
		};
		C9E64C2E28289616006283E7 /* Mapper */ = {
			isa = PBXGroup;
			children = (
				C9E64C2F28289672006283E7 /* GithubSearchResponse+DomainModel.swift */,
				C9E64C48282A2A5B006283E7 /* GithubSearchItem+ViewModel.swift */,
			);
			path = Mapper;
			sourceTree = "<group>";
		};
		C9E64C3128289A58006283E7 /* Helper */ = {
			isa = PBXGroup;
			children = (
				C9E64C3228289A72006283E7 /* JSONDecoder+DateStrategy.swift */,
				C9E64C392828A6F3006283E7 /* UITableViewCell+ReuseIdentifier.swift */,
				C9E64C3E2828BEF9006283E7 /* Array+Subscript.swift */,
				C9E64C52282F73D9006283E7 /* Observer.swift */,
			);
			path = Helper;
			sourceTree = "<group>";
		};
		C9E64C342828A2AA006283E7 /* Feature */ = {
			isa = PBXGroup;
			children = (
				C9E64C5D282FAC40006283E7 /* RepositoryDetails */,
				C9E64C352828A2C4006283E7 /* RepositoryList */,
			);
			path = Feature;
			sourceTree = "<group>";
		};
		C9E64C352828A2C4006283E7 /* RepositoryList */ = {
			isa = PBXGroup;
			children = (
				C9E64C432828CAFD006283E7 /* ViewModel */,
				C9E64C362828A5D8006283E7 /* View */,
			);
			path = RepositoryList;
			sourceTree = "<group>";
		};
		C9E64C362828A5D8006283E7 /* View */ = {
			isa = PBXGroup;
			children = (
				C9E64C112827A2AE006283E7 /* RepositoryListViewController.swift */,
				C9E64C372828A608006283E7 /* SearchListCell.swift */,
				C9E64C4D282B2C56006283E7 /* LoadingCell.swift */,
			);
			path = View;
			sourceTree = "<group>";
		};
		C9E64C432828CAFD006283E7 /* ViewModel */ = {
			isa = PBXGroup;
			children = (
				C9E64C442828CB07006283E7 /* RepositoryListViewModel.swift */,
				C9E64C46282A29DF006283E7 /* SearchListCellViewModel.swift */,
			);
			path = ViewModel;
			sourceTree = "<group>";
		};
		C9E64C4A282A2FA2006283E7 /* Shared */ = {
			isa = PBXGroup;
			children = (
				C9E64C4B282A2FBB006283E7 /* SharedNumberFormatter.swift */,
			);
			path = Shared;
			sourceTree = "<group>";
		};
		C9E64C4F282D06F6006283E7 /* Search */ = {
			isa = PBXGroup;
			children = (
				C9E64C50282D0706006283E7 /* GithubSearchController.swift */,
				C9E64C54282F7BD7006283E7 /* GithubSearchResultController.swift */,
			);
			path = Search;
			sourceTree = "<group>";
		};
		C9E64C56282F87BB006283E7 /* Component */ = {
			isa = PBXGroup;
			children = (
				C9E64C57282F87C9006283E7 /* Refresh */,
				C9E64C4F282D06F6006283E7 /* Search */,
				C9E64C5A282FA4FF006283E7 /* Separator */,
			);
			path = Component;
			sourceTree = "<group>";
		};
		C9E64C57282F87C9006283E7 /* Refresh */ = {
			isa = PBXGroup;
			children = (
				C9E64C58282F87F8006283E7 /* RefreshController.swift */,
			);
			path = Refresh;
			sourceTree = "<group>";
		};
		C9E64C5A282FA4FF006283E7 /* Separator */ = {
			isa = PBXGroup;
			children = (
				C9E64C5B282FA55F006283E7 /* HorizontalDivider.swift */,
			);
			path = Separator;
			sourceTree = "<group>";
		};
		C9E64C5D282FAC40006283E7 /* RepositoryDetails */ = {
			isa = PBXGroup;
			children = (
				C9E64C5F282FAC4F006283E7 /* ViewModel */,
				C9E64C5E282FAC4B006283E7 /* View */,
			);
			path = RepositoryDetails;
			sourceTree = "<group>";
		};
		C9E64C5E282FAC4B006283E7 /* View */ = {
			isa = PBXGroup;
			children = (
				C9E64C60282FAC67006283E7 /* RepositoryDetailsViewController.swift */,
			);
			path = View;
			sourceTree = "<group>";
		};
		C9E64C5F282FAC4F006283E7 /* ViewModel */ = {
			isa = PBXGroup;
			children = (
				C9E64C62282FADD5006283E7 /* RepositoryDetailsViewModel.swift */,
			);
			path = ViewModel;
			sourceTree = "<group>";
		};
		C9E64C64282FB106006283E7 /* Composer */ = {
			isa = PBXGroup;
			children = (
				C9E64C65282FB121006283E7 /* UIFactory.swift */,
			);
			path = Composer;
			sourceTree = "<group>";
		};
/* End PBXGroup section */

/* Begin PBXNativeTarget section */
		C9E64C092827A2AE006283E7 /* ModularExample */ = {
			isa = PBXNativeTarget;
			buildConfigurationList = C9E64C1E2827A2AF006283E7 /* Build configuration list for PBXNativeTarget "ModularExample" */;
			buildPhases = (
				C9E64C062827A2AE006283E7 /* Sources */,
				C9E64C072827A2AE006283E7 /* Frameworks */,
				C9E64C082827A2AE006283E7 /* Resources */,
			);
			buildRules = (
			);
			dependencies = (
			);
			name = ModularExample;
			productName = ModularExample;
			productReference = C9E64C0A2827A2AE006283E7 /* ModularExample.app */;
			productType = "com.apple.product-type.application";
		};
/* End PBXNativeTarget section */

/* Begin PBXProject section */
		C9E64C022827A2AE006283E7 /* Project object */ = {
			isa = PBXProject;
			attributes = {
				BuildIndependentTargetsInParallel = 1;
				LastSwiftUpdateCheck = 1330;
				LastUpgradeCheck = 1330;
				TargetAttributes = {
					C9E64C092827A2AE006283E7 = {
						CreatedOnToolsVersion = 13.3.1;
					};
				};
			};
			buildConfigurationList = C9E64C052827A2AE006283E7 /* Build configuration list for PBXProject "ModularExample" */;
			compatibilityVersion = "Xcode 13.0";
			developmentRegion = en;
			hasScannedForEncodings = 0;
			knownRegions = (
				en,
				Base,
			);
			mainGroup = C9E64C012827A2AE006283E7;
			productRefGroup = C9E64C0B2827A2AE006283E7 /* Products */;
			projectDirPath = "";
			projectRoot = "";
			targets = (
				C9E64C092827A2AE006283E7 /* ModularExample */,
			);
		};
/* End PBXProject section */

/* Begin PBXResourcesBuildPhase section */
		C9E64C082827A2AE006283E7 /* Resources */ = {
			isa = PBXResourcesBuildPhase;
			buildActionMask = 2147483647;
			files = (
				C9E64C1A2827A2AF006283E7 /* LaunchScreen.storyboard in Resources */,
				C9E64C172827A2AF006283E7 /* Assets.xcassets in Resources */,
			);
			runOnlyForDeploymentPostprocessing = 0;
		};
/* End PBXResourcesBuildPhase section */

/* Begin PBXSourcesBuildPhase section */
		C9E64C062827A2AE006283E7 /* Sources */ = {
			isa = PBXSourcesBuildPhase;
			buildActionMask = 2147483647;
			files = (
				C9E64C3028289672006283E7 /* GithubSearchResponse+DomainModel.swift in Sources */,
				C9E64C382828A608006283E7 /* SearchListCell.swift in Sources */,
				C9E64C3328289A72006283E7 /* JSONDecoder+DateStrategy.swift in Sources */,
				C9E64C53282F73D9006283E7 /* Observer.swift in Sources */,
				C9E64C47282A29DF006283E7 /* SearchListCellViewModel.swift in Sources */,
				C9E64C61282FAC67006283E7 /* RepositoryDetailsViewController.swift in Sources */,
				C9E64C4C282A2FBB006283E7 /* SharedNumberFormatter.swift in Sources */,
				C9E64C282827C139006283E7 /* GithubSearchService.swift in Sources */,
				C9E64C4E282B2C56006283E7 /* LoadingCell.swift in Sources */,
				C9E64C49282A2A5B006283E7 /* GithubSearchItem+ViewModel.swift in Sources */,
				C9E64C59282F87F8006283E7 /* RefreshController.swift in Sources */,
				C9E64C3F2828BEF9006283E7 /* Array+Subscript.swift in Sources */,
				C9E64C63282FADD5006283E7 /* RepositoryDetailsViewModel.swift in Sources */,
				C9E64C232827B31F006283E7 /* APIManager.swift in Sources */,
				C9E64C5C282FA55F006283E7 /* HorizontalDivider.swift in Sources */,
				C9E64C55282F7BD7006283E7 /* GithubSearchResultController.swift in Sources */,
				C9E64C252827BBD5006283E7 /* GithubResource.swift in Sources */,
				C9E64C122827A2AE006283E7 /* RepositoryListViewController.swift in Sources */,
				C9E64C66282FB121006283E7 /* UIFactory.swift in Sources */,
				C9E64C2D28281035006283E7 /* GithubSearchModel.swift in Sources */,
				C9E64C51282D0706006283E7 /* GithubSearchController.swift in Sources */,
				C9E64C0E2827A2AE006283E7 /* AppDelegate.swift in Sources */,
				C9E64C452828CB07006283E7 /* RepositoryListViewModel.swift in Sources */,
				C9E64C102827A2AE006283E7 /* SceneDelegate.swift in Sources */,
				C9E64C2A2828063B006283E7 /* GithubSearchResponse.swift in Sources */,
				C9E64C3A2828A6F3006283E7 /* UITableViewCell+ReuseIdentifier.swift in Sources */,
			);
			runOnlyForDeploymentPostprocessing = 0;
		};
/* End PBXSourcesBuildPhase section */

/* Begin PBXVariantGroup section */
		C9E64C182827A2AF006283E7 /* LaunchScreen.storyboard */ = {
			isa = PBXVariantGroup;
			children = (
				C9E64C192827A2AF006283E7 /* Base */,
			);
			name = LaunchScreen.storyboard;
			sourceTree = "<group>";
		};
/* End PBXVariantGroup section */

/* Begin XCBuildConfiguration section */
		C9E64C1C2827A2AF006283E7 /* Debug */ = {
			isa = XCBuildConfiguration;
			baseConfigurationReference = C9E64C6F282FF2C2006283E7 /* SampleCode.xcconfig */;
			buildSettings = {
				ALWAYS_SEARCH_USER_PATHS = NO;
				CLANG_ANALYZER_NONNULL = YES;
				CLANG_ANALYZER_NUMBER_OBJECT_CONVERSION = YES_AGGRESSIVE;
				CLANG_CXX_LANGUAGE_STANDARD = "gnu++17";
				CLANG_ENABLE_MODULES = YES;
				CLANG_ENABLE_OBJC_ARC = YES;
				CLANG_ENABLE_OBJC_WEAK = YES;
				CLANG_WARN_BLOCK_CAPTURE_AUTORELEASING = YES;
				CLANG_WARN_BOOL_CONVERSION = YES;
				CLANG_WARN_COMMA = YES;
				CLANG_WARN_CONSTANT_CONVERSION = YES;
				CLANG_WARN_DEPRECATED_OBJC_IMPLEMENTATIONS = YES;
				CLANG_WARN_DIRECT_OBJC_ISA_USAGE = YES_ERROR;
				CLANG_WARN_DOCUMENTATION_COMMENTS = YES;
				CLANG_WARN_EMPTY_BODY = YES;
				CLANG_WARN_ENUM_CONVERSION = YES;
				CLANG_WARN_INFINITE_RECURSION = YES;
				CLANG_WARN_INT_CONVERSION = YES;
				CLANG_WARN_NON_LITERAL_NULL_CONVERSION = YES;
				CLANG_WARN_OBJC_IMPLICIT_RETAIN_SELF = YES;
				CLANG_WARN_OBJC_LITERAL_CONVERSION = YES;
				CLANG_WARN_OBJC_ROOT_CLASS = YES_ERROR;
				CLANG_WARN_QUOTED_INCLUDE_IN_FRAMEWORK_HEADER = YES;
				CLANG_WARN_RANGE_LOOP_ANALYSIS = YES;
				CLANG_WARN_STRICT_PROTOTYPES = YES;
				CLANG_WARN_SUSPICIOUS_MOVE = YES;
				CLANG_WARN_UNGUARDED_AVAILABILITY = YES_AGGRESSIVE;
				CLANG_WARN_UNREACHABLE_CODE = YES;
				CLANG_WARN__DUPLICATE_METHOD_MATCH = YES;
				COPY_PHASE_STRIP = NO;
				DEBUG_INFORMATION_FORMAT = dwarf;
				ENABLE_STRICT_OBJC_MSGSEND = YES;
				ENABLE_TESTABILITY = YES;
				GCC_C_LANGUAGE_STANDARD = gnu11;
				GCC_DYNAMIC_NO_PIC = NO;
				GCC_NO_COMMON_BLOCKS = YES;
				GCC_OPTIMIZATION_LEVEL = 0;
				GCC_PREPROCESSOR_DEFINITIONS = (
					"DEBUG=1",
					"$(inherited)",
				);
				GCC_WARN_64_TO_32_BIT_CONVERSION = YES;
				GCC_WARN_ABOUT_RETURN_TYPE = YES_ERROR;
				GCC_WARN_UNDECLARED_SELECTOR = YES;
				GCC_WARN_UNINITIALIZED_AUTOS = YES_AGGRESSIVE;
				GCC_WARN_UNUSED_FUNCTION = YES;
				GCC_WARN_UNUSED_VARIABLE = YES;
				IPHONEOS_DEPLOYMENT_TARGET = 15.4;
				MTL_ENABLE_DEBUG_INFO = INCLUDE_SOURCE;
				MTL_FAST_MATH = YES;
				ONLY_ACTIVE_ARCH = YES;
				SDKROOT = iphoneos;
				SWIFT_ACTIVE_COMPILATION_CONDITIONS = DEBUG;
				SWIFT_OPTIMIZATION_LEVEL = "-Onone";
			};
			name = Debug;
		};
		C9E64C1D2827A2AF006283E7 /* Release */ = {
			isa = XCBuildConfiguration;
			buildSettings = {
				ALWAYS_SEARCH_USER_PATHS = NO;
				CLANG_ANALYZER_NONNULL = YES;
				CLANG_ANALYZER_NUMBER_OBJECT_CONVERSION = YES_AGGRESSIVE;
				CLANG_CXX_LANGUAGE_STANDARD = "gnu++17";
				CLANG_ENABLE_MODULES = YES;
				CLANG_ENABLE_OBJC_ARC = YES;
				CLANG_ENABLE_OBJC_WEAK = YES;
				CLANG_WARN_BLOCK_CAPTURE_AUTORELEASING = YES;
				CLANG_WARN_BOOL_CONVERSION = YES;
				CLANG_WARN_COMMA = YES;
				CLANG_WARN_CONSTANT_CONVERSION = YES;
				CLANG_WARN_DEPRECATED_OBJC_IMPLEMENTATIONS = YES;
				CLANG_WARN_DIRECT_OBJC_ISA_USAGE = YES_ERROR;
				CLANG_WARN_DOCUMENTATION_COMMENTS = YES;
				CLANG_WARN_EMPTY_BODY = YES;
				CLANG_WARN_ENUM_CONVERSION = YES;
				CLANG_WARN_INFINITE_RECURSION = YES;
				CLANG_WARN_INT_CONVERSION = YES;
				CLANG_WARN_NON_LITERAL_NULL_CONVERSION = YES;
				CLANG_WARN_OBJC_IMPLICIT_RETAIN_SELF = YES;
				CLANG_WARN_OBJC_LITERAL_CONVERSION = YES;
				CLANG_WARN_OBJC_ROOT_CLASS = YES_ERROR;
				CLANG_WARN_QUOTED_INCLUDE_IN_FRAMEWORK_HEADER = YES;
				CLANG_WARN_RANGE_LOOP_ANALYSIS = YES;
				CLANG_WARN_STRICT_PROTOTYPES = YES;
				CLANG_WARN_SUSPICIOUS_MOVE = YES;
				CLANG_WARN_UNGUARDED_AVAILABILITY = YES_AGGRESSIVE;
				CLANG_WARN_UNREACHABLE_CODE = YES;
				CLANG_WARN__DUPLICATE_METHOD_MATCH = YES;
				COPY_PHASE_STRIP = NO;
				DEBUG_INFORMATION_FORMAT = "dwarf-with-dsym";
				ENABLE_NS_ASSERTIONS = NO;
				ENABLE_STRICT_OBJC_MSGSEND = YES;
				GCC_C_LANGUAGE_STANDARD = gnu11;
				GCC_NO_COMMON_BLOCKS = YES;
				GCC_WARN_64_TO_32_BIT_CONVERSION = YES;
				GCC_WARN_ABOUT_RETURN_TYPE = YES_ERROR;
				GCC_WARN_UNDECLARED_SELECTOR = YES;
				GCC_WARN_UNINITIALIZED_AUTOS = YES_AGGRESSIVE;
				GCC_WARN_UNUSED_FUNCTION = YES;
				GCC_WARN_UNUSED_VARIABLE = YES;
				IPHONEOS_DEPLOYMENT_TARGET = 15.4;
				MTL_ENABLE_DEBUG_INFO = NO;
				MTL_FAST_MATH = YES;
				SDKROOT = iphoneos;
				SWIFT_COMPILATION_MODE = wholemodule;
				SWIFT_OPTIMIZATION_LEVEL = "-O";
				VALIDATE_PRODUCT = YES;
			};
			name = Release;
		};
		C9E64C1F2827A2AF006283E7 /* Debug */ = {
			isa = XCBuildConfiguration;
			buildSettings = {
				ASSETCATALOG_COMPILER_APPICON_NAME = AppIcon;
				ASSETCATALOG_COMPILER_GLOBAL_ACCENT_COLOR_NAME = AccentColor;
				CODE_SIGN_STYLE = Automatic;
				CURRENT_PROJECT_VERSION = 1;
				DEVELOPMENT_TEAM = SGW9NZTF78;
				GENERATE_INFOPLIST_FILE = YES;
				INFOPLIST_FILE = ModularExample/Info.plist;
				INFOPLIST_KEY_UIApplicationSupportsIndirectInputEvents = YES;
				INFOPLIST_KEY_UILaunchStoryboardName = LaunchScreen;
				INFOPLIST_KEY_UISupportedInterfaceOrientations_iPad = "UIInterfaceOrientationPortrait UIInterfaceOrientationPortraitUpsideDown UIInterfaceOrientationLandscapeLeft UIInterfaceOrientationLandscapeRight";
				INFOPLIST_KEY_UISupportedInterfaceOrientations_iPhone = "UIInterfaceOrientationPortrait UIInterfaceOrientationLandscapeLeft UIInterfaceOrientationLandscapeRight";
				LD_RUNPATH_SEARCH_PATHS = (
					"$(inherited)",
					"@executable_path/Frameworks",
				);
				MARKETING_VERSION = 1.0;
				PRODUCT_BUNDLE_IDENTIFIER = "com.beemo.modular-example.${SAMPLE_CODE_DISAMBIGUATOR}";
				PRODUCT_NAME = "$(TARGET_NAME)";
				SWIFT_EMIT_LOC_STRINGS = YES;
				SWIFT_VERSION = 5.0;
				TARGETED_DEVICE_FAMILY = "1,2";
			};
			name = Debug;
		};
		C9E64C202827A2AF006283E7 /* Release */ = {
			isa = XCBuildConfiguration;
			buildSettings = {
				ASSETCATALOG_COMPILER_APPICON_NAME = AppIcon;
				ASSETCATALOG_COMPILER_GLOBAL_ACCENT_COLOR_NAME = AccentColor;
				CODE_SIGN_STYLE = Automatic;
				CURRENT_PROJECT_VERSION = 1;
				DEVELOPMENT_TEAM = SGW9NZTF78;
				GENERATE_INFOPLIST_FILE = YES;
				INFOPLIST_FILE = ModularExample/Info.plist;
				INFOPLIST_KEY_UIApplicationSupportsIndirectInputEvents = YES;
				INFOPLIST_KEY_UILaunchStoryboardName = LaunchScreen;
				INFOPLIST_KEY_UISupportedInterfaceOrientations_iPad = "UIInterfaceOrientationPortrait UIInterfaceOrientationPortraitUpsideDown UIInterfaceOrientationLandscapeLeft UIInterfaceOrientationLandscapeRight";
				INFOPLIST_KEY_UISupportedInterfaceOrientations_iPhone = "UIInterfaceOrientationPortrait UIInterfaceOrientationLandscapeLeft UIInterfaceOrientationLandscapeRight";
				LD_RUNPATH_SEARCH_PATHS = (
					"$(inherited)",
					"@executable_path/Frameworks",
				);
				MARKETING_VERSION = 1.0;
				PRODUCT_BUNDLE_IDENTIFIER = "com.beemo.modular-example.${SAMPLE_CODE_DISAMBIGUATOR}";
				PRODUCT_NAME = "$(TARGET_NAME)";
				SWIFT_EMIT_LOC_STRINGS = YES;
				SWIFT_VERSION = 5.0;
				TARGETED_DEVICE_FAMILY = "1,2";
			};
			name = Release;
		};
/* End XCBuildConfiguration section */

/* Begin XCConfigurationList section */
		C9E64C052827A2AE006283E7 /* Build configuration list for PBXProject "ModularExample" */ = {
			isa = XCConfigurationList;
			buildConfigurations = (
				C9E64C1C2827A2AF006283E7 /* Debug */,
				C9E64C1D2827A2AF006283E7 /* Release */,
			);
			defaultConfigurationIsVisible = 0;
			defaultConfigurationName = Release;
		};
		C9E64C1E2827A2AF006283E7 /* Build configuration list for PBXNativeTarget "ModularExample" */ = {
			isa = XCConfigurationList;
			buildConfigurations = (
				C9E64C1F2827A2AF006283E7 /* Debug */,
				C9E64C202827A2AF006283E7 /* Release */,
			);
			defaultConfigurationIsVisible = 0;
			defaultConfigurationName = Release;
		};
/* End XCConfigurationList section */
	};
	rootObject = C9E64C022827A2AE006283E7 /* Project object */;
}
